{
  "name": "hashmap-with-ttl",
  "version": "1.0.0",
  "lockfileVersion": 3,
  "requires": true,
  "packages": {
    "": {
      "name": "hashmap-with-ttl",
      "version": "1.0.0",
      "license": "MIT",
      "dependencies": {
        "linked-list": "^3.1.0"
      },
      "devDependencies": {
        "@types/bun": "^1.1.0"
      },
      "engines": {
        "node": ">=16.0.0"
      }
    },
    "node_modules/@types/bun": {
      "version": "1.1.0",
      "resolved": "https://registry.npmjs.org/@types/bun/-/bun-1.1.0.tgz",
      "integrity": "sha512-QGK0yU4jh0OK1A7DyhPkQuKjHQCC5jSJa3dpWIEhHv/rPfb6zLfdArc4/uUUZBMTcjilsafRXnPWO+1owb572Q==",
      "dev": true,
      "dependencies": {
        "bun-types": "1.1.0"
      }
    },
    "node_modules/@types/bun/node_modules/@types/node": {
      "version": "20.11.30",
      "resolved": "https://registry.npmjs.org/@types/node/-/node-20.11.30.tgz",
      "integrity": "sha512-dHM6ZxwlmuZaRmUPfv1p+KrdD1Dci04FbdEm/9wEMouFqxYoFl5aMkt0VMAUtYRQDyYvD41WJLukhq/ha3YuTw==",
      "dev": true,
      "dependencies": {
        "undici-types": "~5.26.4"
      }
    },
    "node_modules/@types/bun/node_modules/bun-types": {
      "version": "1.1.0",
      "resolved": "https://registry.npmjs.org/bun-types/-/bun-types-1.1.0.tgz",
      "integrity": "sha512-GhMDD7TosdJzQPGUOcQD5PZshvXVxDfwGAZs2dq+eSaPsRn3iUCzvpFlsg7Q51bXVzLAUs+FWHlnmpgZ5UggIg==",
      "dev": true,
      "dependencies": {
        "@types/node": "~20.11.3",
        "@types/ws": "~8.5.10"
      }
    },
    "node_modules/@types/node": {
      "version": "20.12.7",
      "resolved": "https://registry.npmjs.org/@types/node/-/node-20.12.7.tgz",
      "integrity": "sha512-wq0cICSkRLVaf3UGLMGItu/PtdY7oaXaI/RVU+xliKVOtRna3PRY57ZDfztpDL0n11vfymMUnXv8QwYCO7L1wg==",
      "dev": true,
      "dependencies": {
        "undici-types": "~5.26.4"
      }
    },
    "node_modules/@types/ws": {
      "version": "8.5.10",
      "resolved": "https://registry.npmjs.org/@types/ws/-/ws-8.5.10.tgz",
      "integrity": "sha512-vmQSUcfalpIq0R9q7uTo2lXs6eGIpt9wtnLdMv9LVpIjCA/+ufZRozlVoVelIYixx1ugCBKDhn89vnsEGOCx9A==",
      "dev": true,
      "dependencies": {
        "@types/node": "*"
      }
    },
    "node_modules/linked-list": {
      "version": "3.1.0",
      "resolved": "https://registry.npmjs.org/linked-list/-/linked-list-3.1.0.tgz",
      "integrity": "sha512-8fTIVBkKRqJ9MPEwggRkzYsOGcicCC4qSXm6iANVJOGwXrkew85kL7zFztQHSOQBbM6zG+vqtC/cTHm4nuUCSg==",
      "funding": {
        "type": "github",
        "url": "https://github.com/sponsors/wooorm"
      }
    },
    "node_modules/undici-types": {
      "version": "5.26.5",
      "resolved": "https://registry.npmjs.org/undici-types/-/undici-types-5.26.5.tgz",
      "integrity": "sha512-JlCMO+ehdEIKqlFxk6IfVoAUVmgz7cU7zD/h9XZ0qzeosSHmUJVOzSQvvYSYWXkFXC+IfLKSIffhv0sVZup6pA==",
      "dev": true
    }
  }
}
